{
    "_readme": [
        "This file locks the dependencies of your project to a known state",
        "Read more about it at https://getcomposer.org/doc/01-basic-usage.md#composer-lock-the-lock-file",
        "This file is @generated automatically"
    ],
    "hash": "d56426bba2c9cce9377b785c6f942875",
    "content-hash": "9dc41612e1f905f99885cd467b09b56f",
    "packages": [
        {
            "name": "adoy/oauth2",
            "version": "dev-master",
            "source": {
                "type": "git",
                "url": "https://github.com/adoy/PHP-OAuth2.git",
                "reference": "83e248f761f1c2f742d321d891cc3ce63089db05"
            },
            "dist": {
                "type": "zip",
                "url": "https://api.github.com/repos/adoy/PHP-OAuth2/zipball/83e248f761f1c2f742d321d891cc3ce63089db05",
                "reference": "83e248f761f1c2f742d321d891cc3ce63089db05",
                "shasum": ""
            },
            "require": {
                "php": ">=5.3.0"
            },
            "type": "library",
            "autoload": {
                "psr-0": {
                    "OAuth2": "src/"
                }
            },
            "notification-url": "https://packagist.org/downloads/",
            "license": [
                "LGPL-2.1"
            ],
            "authors": [
                {
                    "name": "Berejeb Anis",
                    "email": "anis.berejeb@gmail.com"
                },
                {
                    "name": "Charron Pierrick",
                    "email": "pierrick@webstart.fr"
                }
            ],
            "description": "Light PHP wrapper for the OAuth 2.0 protocol (based on OAuth 2.0 Authorization Protocol draft-ietf-oauth-v2-15)",
            "time": "2015-08-03 19:57:45"
        },
        {
            "name": "auth0/auth0-php",
            "version": "0.6.8",
            "source": {
                "type": "git",
                "url": "https://github.com/auth0/auth0-PHP.git",
                "reference": "98bebf6444086661d02877a44543fcb6c9636a70"
            },
            "dist": {
                "type": "zip",
                "url": "https://api.github.com/repos/auth0/auth0-PHP/zipball/98bebf6444086661d02877a44543fcb6c9636a70",
                "reference": "98bebf6444086661d02877a44543fcb6c9636a70",
                "shasum": ""
            },
            "require": {
                "adoy/oauth2": "dev-master",
                "ext-curl": "*",
                "ext-json": "*",
                "php": ">=5.3.0"
            },
            "type": "library",
            "autoload": {
                "classmap": [
                    "src"
                ]
            },
            "notification-url": "https://packagist.org/downloads/",
            "license": [
                "MIT"
            ],
            "authors": [
                {
                    "name": "Auth0",
                    "email": "support@auth0.com",
                    "homepage": "http://www.auth0.com/"
                }
            ],
            "description": "Auth0 PHP SDK.",
            "time": "2016-10-06 15:27:34"
        },
        {
            "name": "firebase/php-jwt",
            "version": "dev-master",
            "source": {
                "type": "git",
                "url": "https://github.com/firebase/php-jwt.git",
                "reference": "3aa3d978973f080746b2f2f75b10d3f38cbb0557"
            },
            "dist": {
                "type": "zip",
                "url": "https://api.github.com/repos/firebase/php-jwt/zipball/3aa3d978973f080746b2f2f75b10d3f38cbb0557",
                "reference": "3aa3d978973f080746b2f2f75b10d3f38cbb0557",
                "shasum": ""
            },
            "require": {
                "php": ">=5.3.0"
            },
            "type": "library",
            "autoload": {
                "psr-4": {
                    "Firebase\\JWT\\": "src"
                }
            },
            "notification-url": "https://packagist.org/downloads/",
            "license": [
                "BSD-3-Clause"
            ],
            "authors": [
                {
                    "name": "Neuman Vong",
                    "email": "neuman+pear@twilio.com",
                    "role": "Developer"
                },
                {
                    "name": "Anant Narayanan",
                    "email": "anant@php.net",
                    "role": "Developer"
                }
            ],
            "description": "A simple library to encode and decode JSON Web Tokens (JWT) in PHP. Should conform to the current spec.",
            "homepage": "https://github.com/firebase/php-jwt",
            "time": "2016-08-31 23:16:29"
        }
    ],
    "packages-dev": [],
    "aliases": [],
    "minimum-stability": "stable",
    "stability-flags": {
        "adoy/oauth2": 20,
        "firebase/php-jwt": 20
    },
    "prefer-stable": false,
    "prefer-lowest": false,
    "platform": [],
    "platform-dev": []
}
